{
  "name": "opoint-test",
  "lockfileVersion": 3,
  "requires": true,
  "packages": {
    "": {
      "dependencies": {
        "@opoint/storedsearch": "^0.0.12"
      }
    },
    "node_modules/@opoint/core": {
      "version": "0.0.12",
      "resolved": "https://registry.npmjs.org/@opoint/core/-/core-0.0.12.tgz",
      "integrity": "sha512-YMQpD0FuE0NDc7SuOxba5vif13xADMliHBMsoo8xfroErSE0C/r5/H8eMv1rq/QVd8VLXRLFAjXlyIPF8VThog==",
      "dependencies": {
        "@opoint/types": "*"
      }
    },
    "node_modules/@opoint/storedsearch": {
      "version": "0.0.12",
      "resolved": "https://registry.npmjs.org/@opoint/storedsearch/-/storedsearch-0.0.12.tgz",
      "integrity": "sha512-qKi7SvuRwYSE5mLm48Bs8LctEUO/6ZTsLcTFYCcCRbzuNz4cW+9yo2VSkpySeArrxmSRZVs9Mctwl+TXbJJRAw==",
      "dependencies": {
        "@opoint/core": "*",
        "@opoint/types": "*"
      }
    },
    "node_modules/@opoint/types": {
      "version": "0.0.12",
      "resolved": "https://registry.npmjs.org/@opoint/types/-/types-0.0.12.tgz",
      "integrity": "sha512-Cqb7huE9fmnz4YJezPbR8R6sy32EgAiD+o3LzkYlmELdWKC9osUF3plj3pE8o/c+UoQKbh0NyhZSD7SOxL5x6Q=="
    }
  }
}
